// !$*UTF8*$!
{
	archiveVersion = 1;
	classes = {
	};
	objectVersion = 77;
	objects = {

/* Begin PBXBuildFile section */
		00F2F6281B868D10E224D971 /* SettingsView.swift in Sources */ = {isa = PBXBuildFile; fileRef = 80DC535B7F587ACEDCB0681A /* SettingsView.swift */; };
		031A92067F1801ED26FAB895 /* ContentView.swift in Sources */ = {isa = PBXBuildFile; fileRef = 52BAAA1F2133C403CC319686 /* ContentView.swift */; };
		03C4A5871843E7A904349D7B /* DeviceMonitor.swift in Sources */ = {isa = PBXBuildFile; fileRef = E94B7C8DB86285832F630F88 /* DeviceMonitor.swift */; };
		0589E5D7C0767013EA3FD178 /* SettingsDetailView.swift in Sources */ = {isa = PBXBuildFile; fileRef = 3201035732F9FD6D818D32B4 /* SettingsDetailView.swift */; };
		07519F3E3E04D1ED331B7AED /* BindFamilyView.swift in Sources */ = {isa = PBXBuildFile; fileRef = 436489E7FE94F62B8228B7A8 /* BindFamilyView.swift */; };
		117362CEE06099D203F083AB /* MessageManager.swift in Sources */ = {isa = PBXBuildFile; fileRef = 8EA86BF08D81F419A10892BC /* MessageManager.swift */; };
		11FE76C3966A5EBE9FE06329 /* ThemeManager.swift in Sources */ = {isa = PBXBuildFile; fileRef = 4235931E65C37811F1725A52 /* ThemeManager.swift */; };
		1DA41532CFABB390DD392CBA /* AccountValidator.swift in Sources */ = {isa = PBXBuildFile; fileRef = 7B27C82E3011DCCF2A680203 /* AccountValidator.swift */; };
		1F6F3291745BAA81CB5204C2 /* ZhonghuoApp.swift in Sources */ = {isa = PBXBuildFile; fileRef = 6B4362804BCCFF90C6A5D529 /* ZhonghuoApp.swift */; };
		20D9C65D3B49436EA54491B1 /* ConfigManager.swift in Sources */ = {isa = PBXBuildFile; fileRef = 9E8CFE86A4D1E78431CED3AB /* ConfigManager.swift */; };
		21B44C1908E9E902D5FFE83F /* QRCodeScannerView.swift in Sources */ = {isa = PBXBuildFile; fileRef = 277D91B2F8E37C42CD117562 /* QRCodeScannerView.swift */; };
		23AB6B69060604A0CFF1687B /* MemoryManager.swift in Sources */ = {isa = PBXBuildFile; fileRef = EAF597AEA7489DCF9BE08B53 /* MemoryManager.swift */; };
		282767E29A64DBE59325CBA2 /* PDFExportSheet.swift in Sources */ = {isa = PBXBuildFile; fileRef = 95C8821E01F5E6D6F9DE4CDB /* PDFExportSheet.swift */; };
		29E00B2F8273BA0C42B0B806 /* PerformanceOptimizer.swift in Sources */ = {isa = PBXBuildFile; fileRef = EB368D6F7CC697522F8E6504 /* PerformanceOptimizer.swift */; };
		2B81B3F6F003B14260D75CB6 /* FamilyMember.swift in Sources */ = {isa = PBXBuildFile; fileRef = DEAE7365AB62AA2C675749F1 /* FamilyMember.swift */; };
		2E871C78603CA6CF73249A81 /* HomeStatusView.swift in Sources */ = {isa = PBXBuildFile; fileRef = 020DFC00792D2106EBD36AFC /* HomeStatusView.swift */; };
		34211D97B11B2D3D9824F338 /* jcore-ios-5.3.0.xcframework in Embed Frameworks */ = {isa = PBXBuildFile; fileRef = EACE8EE52ECCC95FFBC632EC /* jcore-ios-5.3.0.xcframework */; settings = {ATTRIBUTES = (CodeSignOnCopy, RemoveHeadersOnCopy, ); }; };
		3597B3D9CB1CB5FCD9719C83 /* InviteCodeView.swift in Sources */ = {isa = PBXBuildFile; fileRef = 07579CF4B3E70A217992B90F /* InviteCodeView.swift */; };
		37444D66A9BE5F84D0A82BE2 /* UserSession.swift in Sources */ = {isa = PBXBuildFile; fileRef = 6E63E5E4017BEFE3A8B0197C /* UserSession.swift */; };
		3A6C79DE21D5EFF98B4127A6 /* TokenManager.swift in Sources */ = {isa = PBXBuildFile; fileRef = 24093F404A9CDA5C0009ADA3 /* TokenManager.swift */; };
		3DF26789364F9F88C47E60EB /* FamilyGuardView.swift in Sources */ = {isa = PBXBuildFile; fileRef = C1630FC5FFF88D97B8840410 /* FamilyGuardView.swift */; };
		3EBE9ED57C7DE91ED98B31C8 /* ReceivedCapsuleListView.swift in Sources */ = {isa = PBXBuildFile; fileRef = 40BCA1D08F740F4B3C3925A1 /* ReceivedCapsuleListView.swift */; };
		3EC068659B1DE7ED2D7F99A7 /* OnboardingView.swift in Sources */ = {isa = PBXBuildFile; fileRef = DD1EFABFCF3FE6305F1EB2C3 /* OnboardingView.swift */; };
		4FEA63449202E7C6E8789551 /* DesignPatterns.swift in Sources */ = {isa = PBXBuildFile; fileRef = 90A2FAC578490670E399F970 /* DesignPatterns.swift */; };
		5183CA2D181B3A428826FCDA /* AccessibilityEnhancer.swift in Sources */ = {isa = PBXBuildFile; fileRef = A2A3E01C9ACADA450D2015E9 /* AccessibilityEnhancer.swift */; };
		524778747EC31FB753C01FF4 /* MembershipManager.swift in Sources */ = {isa = PBXBuildFile; fileRef = 8DCDFB364CBAD95E96525D70 /* MembershipManager.swift */; };
		5470D2B27882244074EEF18F /* jpush-extension-ios-2.0.6.xcframework in Embed Frameworks */ = {isa = PBXBuildFile; fileRef = CC2AF11B769EFF5789ACD60F /* jpush-extension-ios-2.0.6.xcframework */; settings = {ATTRIBUTES = (CodeSignOnCopy, RemoveHeadersOnCopy, ); }; };
		57778D3BE01D8BD1EF4BAE55 /* jpush-extension-ios-2.0.6.xcframework in Frameworks */ = {isa = PBXBuildFile; fileRef = CC2AF11B769EFF5789ACD60F /* jpush-extension-ios-2.0.6.xcframework */; };
		588B23A6C674CAD83174C5C2 /* FamilyArchiveView.swift in Sources */ = {isa = PBXBuildFile; fileRef = 13C6462556E1984D4A645562 /* FamilyArchiveView.swift */; };
		6861066F0060556303486D0E /* Colors.swift in Sources */ = {isa = PBXBuildFile; fileRef = 4371C47691765E6B0C44F774 /* Colors.swift */; };
		736A049925EF89FE0F74BE59 /* ResetPasswordView.swift in Sources */ = {isa = PBXBuildFile; fileRef = 3080794CC0F56600ACFE733F /* ResetPasswordView.swift */; };
		74D775611913FCC5CCF5243E /* DebugConfig.swift in Sources */ = {isa = PBXBuildFile; fileRef = 50CBEE2F67EED9FA7B069DCB /* DebugConfig.swift */; };
		7A47FF470C8E55236C9671D8 /* AboutSettingsView.swift in Sources */ = {isa = PBXBuildFile; fileRef = 96D562099C30B55933868C44 /* AboutSettingsView.swift */; };
		7BD300F22BBD4B8EAA348231 /* CacheManager.swift in Sources */ = {isa = PBXBuildFile; fileRef = 1C5985EAC98FF0EDD52C90EF /* CacheManager.swift */; };
		800C38B557EE1C7D3FD2FC29 /* OfflineEditorManager.swift in Sources */ = {isa = PBXBuildFile; fileRef = D7BA78762FC5AB49D8ACC8D6 /* OfflineEditorManager.swift */; };
		814E8E87BFCC10CA6961BC3E /* LegalDisclosureView.swift in Sources */ = {isa = PBXBuildFile; fileRef = 2DEE4DD2B8ECBC15062589F9 /* LegalDisclosureView.swift */; };
		829402892FACA11E5F1CE810 /* ErrorHandler.swift in Sources */ = {isa = PBXBuildFile; fileRef = 900014B4609B32307D5DA7A5 /* ErrorHandler.swift */; };
		82C395288FD67BFB0A83DE04 /* CapsuleList.swift in Sources */ = {isa = PBXBuildFile; fileRef = CBFC0BE5359C25A5B647E7C2 /* CapsuleList.swift */; };
		8329A6C52B90378B57FE1E92 /* APIManager.swift in Sources */ = {isa = PBXBuildFile; fileRef = A34C0CBE2069F104EE75A3ED /* APIManager.swift */; };
		83A2BED9D3A609ED4B0DFBA4 /* MembershipView.swift in Sources */ = {isa = PBXBuildFile; fileRef = 585D4487EE3FB1C7623DC3CB /* MembershipView.swift */; };
		89F07078C8E6C978FACB3AD2 /* jcore-ios-5.3.0.xcframework in Frameworks */ = {isa = PBXBuildFile; fileRef = EACE8EE52ECCC95FFBC632EC /* jcore-ios-5.3.0.xcframework */; };
		8BE54187F4BFDCF7EFF03F84 /* RegisterView.swift in Sources */ = {isa = PBXBuildFile; fileRef = 0801AA0D893A3DFD3FF9145F /* RegisterView.swift */; };
		8CCCF22567DC70BA86E5A3B0 /* NetworkUtils.swift in Sources */ = {isa = PBXBuildFile; fileRef = B42E8E951B17E6D8E96B9BFD /* NetworkUtils.swift */; };
		8D6774B58E51706262FFE6A9 /* iCloudBackupManager.swift in Sources */ = {isa = PBXBuildFile; fileRef = 52D3517D4F96B7198C41F90E /* iCloudBackupManager.swift */; };
		8E574733B6FF89275602987E /* jpush-ios-6.0.0.xcframework in Embed Frameworks */ = {isa = PBXBuildFile; fileRef = 6C4D5EB7867B6C896C0FBCC8 /* jpush-ios-6.0.0.xcframework */; settings = {ATTRIBUTES = (CodeSignOnCopy, RemoveHeadersOnCopy, ); }; };
		91B4413C33A9BC292E66334D /* NotificationManager.swift in Sources */ = {isa = PBXBuildFile; fileRef = DF48D9A24F5A11D85970B1D9 /* NotificationManager.swift */; };
		9692075A82D4E1CB3C1343DD /* jpush-ios-6.0.0.xcframework in Frameworks */ = {isa = PBXBuildFile; fileRef = 6C4D5EB7867B6C896C0FBCC8 /* jpush-ios-6.0.0.xcframework */; };
		96E0839C93AB01E58042A0AD /* CloudStorageManager.swift in Sources */ = {isa = PBXBuildFile; fileRef = D26F00E18E8C7FD3C8A78C20 /* CloudStorageManager.swift */; };
		97501D39E274F50B537F2C1F /* UserRegistration.swift in Sources */ = {isa = PBXBuildFile; fileRef = 756A694388DC598CABA5FAAC /* UserRegistration.swift */; };
		97A1B8D08F9239BF06CE2228 /* AppDelegate.swift in Sources */ = {isa = PBXBuildFile; fileRef = EAC4F388F156F28F282BCEED /* AppDelegate.swift */; };
		9AC21E948DB60E4B03E1F991 /* Assets.xcassets in Resources */ = {isa = PBXBuildFile; fileRef = 38A16566FA6A3CFC2001EA6D /* Assets.xcassets */; };
		9D84ECCD1EAAB317E66C9DB4 /* WillAssetsView.swift in Sources */ = {isa = PBXBuildFile; fileRef = 3F5C2800D4435BF60FDBF674 /* WillAssetsView.swift */; };
		A45FFBE7475207A7E7ACD6CA /* AuthManager.swift in Sources */ = {isa = PBXBuildFile; fileRef = D84AA0E96ABE23474519AE97 /* AuthManager.swift */; };
		ADDE7D8032B4E7BAB60F18BB /* WillModuleEdit.swift in Sources */ = {isa = PBXBuildFile; fileRef = E5701AEE234EC186F1868F99 /* WillModuleEdit.swift */; };
		BA1C277BDA6DB2B0A2FE1F60 /* AppStabilityManager.swift in Sources */ = {isa = PBXBuildFile; fileRef = DF18D579F81785A766089D84 /* AppStabilityManager.swift */; };
		BBBBD40ABF9CD723DF99624C /* ChunkedUploadManager.swift in Sources */ = {isa = PBXBuildFile; fileRef = E7E2CBFAA3A11F1F3E0182D5 /* ChunkedUploadManager.swift */; };
		BF01E0759C42A6D6DDE61F37 /* PDFGenerator.swift in Sources */ = {isa = PBXBuildFile; fileRef = 4803D9664D8E405B0A8EE720 /* PDFGenerator.swift */; };
		C1B8536E5D197A7DD01C1571 /* SyncConflictResolver.swift in Sources */ = {isa = PBXBuildFile; fileRef = 9565B8C236626500A835ED98 /* SyncConflictResolver.swift */; };
		C202F1A646AA51D191CADAB5 /* IAPManager.swift in Sources */ = {isa = PBXBuildFile; fileRef = 06F2BB7C3086B22BBB64F52A /* IAPManager.swift */; };
		C8AEA92E25E80D400705AE47 /* InputValidator.swift in Sources */ = {isa = PBXBuildFile; fileRef = 7AA31C7645945200D6D1B2BB /* InputValidator.swift */; };
		C9B7E9FD524A4AC665D5BE02 /* VersionCheckManager.swift in Sources */ = {isa = PBXBuildFile; fileRef = 566A95437A25C5DFA418CF21 /* VersionCheckManager.swift */; };
		CE3D56066FA0D89ADC6C13E0 /* UserFriendlyError.swift in Sources */ = {isa = PBXBuildFile; fileRef = BEED071C64C80A0C49AFE60B /* UserFriendlyError.swift */; };
		CFA9D84F4DE49FEBA7D95B70 /* Benchmark.swift in Sources */ = {isa = PBXBuildFile; fileRef = 8D622115F853427CE6AD0E77 /* Benchmark.swift */; };
		D68CB58ACF9380D9532DBA12 /* AppError.swift in Sources */ = {isa = PBXBuildFile; fileRef = 819C2614594B9222511D669B /* AppError.swift */; };
		D8EDE7B37E249553774942FF /* DataManager.swift in Sources */ = {isa = PBXBuildFile; fileRef = 74E7C897CF12FE9BA3AA1C69 /* DataManager.swift */; };
		DAB97FC9D76A363283AD54FA /* AVPlayerView.swift in Sources */ = {isa = PBXBuildFile; fileRef = 6B968F374BED4E8830659690 /* AVPlayerView.swift */; };
		DB04F427909F6BD3F2538983 /* UserManager.swift in Sources */ = {isa = PBXBuildFile; fileRef = 281631AF17B68A506AEA838D /* UserManager.swift */; };
		DEB66C43D859156CDEF3EEEF /* APIClient.swift in Sources */ = {isa = PBXBuildFile; fileRef = C642A6872297E52B86ADE110 /* APIClient.swift */; };
		DF61005FFFC747E3343474AA /* KeychainManager.swift in Sources */ = {isa = PBXBuildFile; fileRef = 25FD9F2FB216BD1F268A9FC7 /* KeychainManager.swift */; };
		E2E087D54592566B58E88C6B /* UpgradePromptView.swift in Sources */ = {isa = PBXBuildFile; fileRef = ADDD22C14B2D1E97217FF29F /* UpgradePromptView.swift */; };
		E3B09FF879F38C5491D17E7B /* JPushManager.swift in Sources */ = {isa = PBXBuildFile; fileRef = 22B1C2207AA0A72A3E491CCF /* JPushManager.swift */; };
		E48CF9DB3E36A413E7A27748 /* LoginView.swift in Sources */ = {isa = PBXBuildFile; fileRef = 6BB0D8F29C893DAA2B72BD9C /* LoginView.swift */; };
		E8CC398016860BD0CCFE1677 /* WillPreviewView.swift in Sources */ = {isa = PBXBuildFile; fileRef = E8DA5E86D9E045EE3DE582CE /* WillPreviewView.swift */; };
		E9B50B9B8EC2EF70151BE222 /* LifeCheckStatusManager.swift in Sources */ = {isa = PBXBuildFile; fileRef = 8B07E4ACF7B16F3DF5705436 /* LifeCheckStatusManager.swift */; };
		EA61EE224B460FE8D4E2909C /* Models.swift in Sources */ = {isa = PBXBuildFile; fileRef = C278C5E6A6CB43AD576B3ACF /* Models.swift */; };
		EF6D9FF9FEE66B342D8C252E /* AppConfig.swift in Sources */ = {isa = PBXBuildFile; fileRef = 01790E4F2F3D0B3960629C18 /* AppConfig.swift */; };
		F01AFFDF5B8D7019672BF17C /* CapsuleEditView.swift in Sources */ = {isa = PBXBuildFile; fileRef = 58406021AF7F26476F1725CC /* CapsuleEditView.swift */; };
		F15CDE25F33329C9B52EDB0B /* ElectronicSignatureManager.swift in Sources */ = {isa = PBXBuildFile; fileRef = 25EB1D416461C0F9C39C204D /* ElectronicSignatureManager.swift */; };
		F1FEA80DC486C9F94B9D7820 /* CapsuleDetailView.swift in Sources */ = {isa = PBXBuildFile; fileRef = C38A090D3C6321670E49BBA9 /* CapsuleDetailView.swift */; };
		F3F6BB74B824C0E27C65C4F6 /* Logger.swift in Sources */ = {isa = PBXBuildFile; fileRef = F50989A814BAC53DABBE3733 /* Logger.swift */; };
		F69E3E43B615AEFCA23071DE /* HapticFeedback.swift in Sources */ = {isa = PBXBuildFile; fileRef = 577FB2BD2EA72186534E72A0 /* HapticFeedback.swift */; };
/* End PBXBuildFile section */

/* Begin PBXCopyFilesBuildPhase section */
		11D3948FA0B9725750F5ECC3 /* Embed Frameworks */ = {
			isa = PBXCopyFilesBuildPhase;
			buildActionMask = 2147483647;
			dstPath = "";
			dstSubfolderSpec = 10;
			files = (
				8E574733B6FF89275602987E /* jpush-ios-6.0.0.xcframework in Embed Frameworks */,
				34211D97B11B2D3D9824F338 /* jcore-ios-5.3.0.xcframework in Embed Frameworks */,
				5470D2B27882244074EEF18F /* jpush-extension-ios-2.0.6.xcframework in Embed Frameworks */,
			);
			name = "Embed Frameworks";
			runOnlyForDeploymentPostprocessing = 0;
		};
/* End PBXCopyFilesBuildPhase section */

/* Begin PBXFileReference section */
		01790E4F2F3D0B3960629C18 /* AppConfig.swift */ = {isa = PBXFileReference; lastKnownFileType = sourcecode.swift; path = AppConfig.swift; sourceTree = "<group>"; };
		020DFC00792D2106EBD36AFC /* HomeStatusView.swift */ = {isa = PBXFileReference; lastKnownFileType = sourcecode.swift; path = HomeStatusView.swift; sourceTree = "<group>"; };
		06F2BB7C3086B22BBB64F52A /* IAPManager.swift */ = {isa = PBXFileReference; lastKnownFileType = sourcecode.swift; path = IAPManager.swift; sourceTree = "<group>"; };
		07579CF4B3E70A217992B90F /* InviteCodeView.swift */ = {isa = PBXFileReference; lastKnownFileType = sourcecode.swift; path = InviteCodeView.swift; sourceTree = "<group>"; };
		0801AA0D893A3DFD3FF9145F /* RegisterView.swift */ = {isa = PBXFileReference; lastKnownFileType = sourcecode.swift; path = RegisterView.swift; sourceTree = "<group>"; };
		0907848EFBF0EB56DA34CB2C /* 终活.app */ = {isa = PBXFileReference; includeInIndex = 0; lastKnownFileType = wrapper.application; path = "终活.app"; sourceTree = BUILT_PRODUCTS_DIR; };
		13C6462556E1984D4A645562 /* FamilyArchiveView.swift */ = {isa = PBXFileReference; lastKnownFileType = sourcecode.swift; path = FamilyArchiveView.swift; sourceTree = "<group>"; };
		1C5985EAC98FF0EDD52C90EF /* CacheManager.swift */ = {isa = PBXFileReference; lastKnownFileType = sourcecode.swift; path = CacheManager.swift; sourceTree = "<group>"; };
		22B1C2207AA0A72A3E491CCF /* JPushManager.swift */ = {isa = PBXFileReference; lastKnownFileType = sourcecode.swift; path = JPushManager.swift; sourceTree = "<group>"; };
		24093F404A9CDA5C0009ADA3 /* TokenManager.swift */ = {isa = PBXFileReference; lastKnownFileType = sourcecode.swift; path = TokenManager.swift; sourceTree = "<group>"; };
		25EB1D416461C0F9C39C204D /* ElectronicSignatureManager.swift */ = {isa = PBXFileReference; lastKnownFileType = sourcecode.swift; path = ElectronicSignatureManager.swift; sourceTree = "<group>"; };
		25FD9F2FB216BD1F268A9FC7 /* KeychainManager.swift */ = {isa = PBXFileReference; lastKnownFileType = sourcecode.swift; path = KeychainManager.swift; sourceTree = "<group>"; };
		277D91B2F8E37C42CD117562 /* QRCodeScannerView.swift */ = {isa = PBXFileReference; lastKnownFileType = sourcecode.swift; path = QRCodeScannerView.swift; sourceTree = "<group>"; };
		281631AF17B68A506AEA838D /* UserManager.swift */ = {isa = PBXFileReference; lastKnownFileType = sourcecode.swift; path = UserManager.swift; sourceTree = "<group>"; };
		2DEE4DD2B8ECBC15062589F9 /* LegalDisclosureView.swift */ = {isa = PBXFileReference; lastKnownFileType = sourcecode.swift; path = LegalDisclosureView.swift; sourceTree = "<group>"; };
		3080794CC0F56600ACFE733F /* ResetPasswordView.swift */ = {isa = PBXFileReference; lastKnownFileType = sourcecode.swift; path = ResetPasswordView.swift; sourceTree = "<group>"; };
		3201035732F9FD6D818D32B4 /* SettingsDetailView.swift */ = {isa = PBXFileReference; lastKnownFileType = sourcecode.swift; path = SettingsDetailView.swift; sourceTree = "<group>"; };
		38A16566FA6A3CFC2001EA6D /* Assets.xcassets */ = {isa = PBXFileReference; lastKnownFileType = folder.assetcatalog; path = Assets.xcassets; sourceTree = "<group>"; };
		3F5C2800D4435BF60FDBF674 /* WillAssetsView.swift */ = {isa = PBXFileReference; lastKnownFileType = sourcecode.swift; path = WillAssetsView.swift; sourceTree = "<group>"; };
		40BCA1D08F740F4B3C3925A1 /* ReceivedCapsuleListView.swift */ = {isa = PBXFileReference; lastKnownFileType = sourcecode.swift; path = ReceivedCapsuleListView.swift; sourceTree = "<group>"; };
		4235931E65C37811F1725A52 /* ThemeManager.swift */ = {isa = PBXFileReference; lastKnownFileType = sourcecode.swift; path = ThemeManager.swift; sourceTree = "<group>"; };
		436489E7FE94F62B8228B7A8 /* BindFamilyView.swift */ = {isa = PBXFileReference; lastKnownFileType = sourcecode.swift; path = BindFamilyView.swift; sourceTree = "<group>"; };
		4371C47691765E6B0C44F774 /* Colors.swift */ = {isa = PBXFileReference; lastKnownFileType = sourcecode.swift; path = Colors.swift; sourceTree = "<group>"; };
		4803D9664D8E405B0A8EE720 /* PDFGenerator.swift */ = {isa = PBXFileReference; lastKnownFileType = sourcecode.swift; path = PDFGenerator.swift; sourceTree = "<group>"; };
		50CBEE2F67EED9FA7B069DCB /* DebugConfig.swift */ = {isa = PBXFileReference; lastKnownFileType = sourcecode.swift; path = DebugConfig.swift; sourceTree = "<group>"; };
		52BAAA1F2133C403CC319686 /* ContentView.swift */ = {isa = PBXFileReference; lastKnownFileType = sourcecode.swift; path = ContentView.swift; sourceTree = "<group>"; };
		52D3517D4F96B7198C41F90E /* iCloudBackupManager.swift */ = {isa = PBXFileReference; lastKnownFileType = sourcecode.swift; path = iCloudBackupManager.swift; sourceTree = "<group>"; };
		566A95437A25C5DFA418CF21 /* VersionCheckManager.swift */ = {isa = PBXFileReference; lastKnownFileType = sourcecode.swift; path = VersionCheckManager.swift; sourceTree = "<group>"; };
		577FB2BD2EA72186534E72A0 /* HapticFeedback.swift */ = {isa = PBXFileReference; lastKnownFileType = sourcecode.swift; path = HapticFeedback.swift; sourceTree = "<group>"; };
		58406021AF7F26476F1725CC /* CapsuleEditView.swift */ = {isa = PBXFileReference; lastKnownFileType = sourcecode.swift; path = CapsuleEditView.swift; sourceTree = "<group>"; };
		585D4487EE3FB1C7623DC3CB /* MembershipView.swift */ = {isa = PBXFileReference; lastKnownFileType = sourcecode.swift; path = MembershipView.swift; sourceTree = "<group>"; };
		6B4362804BCCFF90C6A5D529 /* ZhonghuoApp.swift */ = {isa = PBXFileReference; lastKnownFileType = sourcecode.swift; path = ZhonghuoApp.swift; sourceTree = "<group>"; };
		6B968F374BED4E8830659690 /* AVPlayerView.swift */ = {isa = PBXFileReference; lastKnownFileType = sourcecode.swift; path = AVPlayerView.swift; sourceTree = "<group>"; };
		6BB0D8F29C893DAA2B72BD9C /* LoginView.swift */ = {isa = PBXFileReference; lastKnownFileType = sourcecode.swift; path = LoginView.swift; sourceTree = "<group>"; };
		6C4D5EB7867B6C896C0FBCC8 /* jpush-ios-6.0.0.xcframework */ = {isa = PBXFileReference; lastKnownFileType = wrapper.xcframework; name = "jpush-ios-6.0.0.xcframework"; path = "jpush-ios-6.0.0-release/Lib/JPushSDKLib/jpush-ios-6.0.0.xcframework"; sourceTree = "<group>"; };
		6E63E5E4017BEFE3A8B0197C /* UserSession.swift */ = {isa = PBXFileReference; lastKnownFileType = sourcecode.swift; path = UserSession.swift; sourceTree = "<group>"; };
		74E7C897CF12FE9BA3AA1C69 /* DataManager.swift */ = {isa = PBXFileReference; lastKnownFileType = sourcecode.swift; path = DataManager.swift; sourceTree = "<group>"; };
		756A694388DC598CABA5FAAC /* UserRegistration.swift */ = {isa = PBXFileReference; lastKnownFileType = sourcecode.swift; path = UserRegistration.swift; sourceTree = "<group>"; };
		7AA31C7645945200D6D1B2BB /* InputValidator.swift */ = {isa = PBXFileReference; lastKnownFileType = sourcecode.swift; path = InputValidator.swift; sourceTree = "<group>"; };
		7B27C82E3011DCCF2A680203 /* AccountValidator.swift */ = {isa = PBXFileReference; lastKnownFileType = sourcecode.swift; path = AccountValidator.swift; sourceTree = "<group>"; };
		80DC535B7F587ACEDCB0681A /* SettingsView.swift */ = {isa = PBXFileReference; lastKnownFileType = sourcecode.swift; path = SettingsView.swift; sourceTree = "<group>"; };
		819C2614594B9222511D669B /* AppError.swift */ = {isa = PBXFileReference; lastKnownFileType = sourcecode.swift; path = AppError.swift; sourceTree = "<group>"; };
		8B07E4ACF7B16F3DF5705436 /* LifeCheckStatusManager.swift */ = {isa = PBXFileReference; lastKnownFileType = sourcecode.swift; path = LifeCheckStatusManager.swift; sourceTree = "<group>"; };
		8D622115F853427CE6AD0E77 /* Benchmark.swift */ = {isa = PBXFileReference; lastKnownFileType = sourcecode.swift; path = Benchmark.swift; sourceTree = "<group>"; };
		8DCDFB364CBAD95E96525D70 /* MembershipManager.swift */ = {isa = PBXFileReference; lastKnownFileType = sourcecode.swift; path = MembershipManager.swift; sourceTree = "<group>"; };
		8EA86BF08D81F419A10892BC /* MessageManager.swift */ = {isa = PBXFileReference; lastKnownFileType = sourcecode.swift; path = MessageManager.swift; sourceTree = "<group>"; };
		900014B4609B32307D5DA7A5 /* ErrorHandler.swift */ = {isa = PBXFileReference; lastKnownFileType = sourcecode.swift; path = ErrorHandler.swift; sourceTree = "<group>"; };
		90A2FAC578490670E399F970 /* DesignPatterns.swift */ = {isa = PBXFileReference; lastKnownFileType = sourcecode.swift; path = DesignPatterns.swift; sourceTree = "<group>"; };
		9565B8C236626500A835ED98 /* SyncConflictResolver.swift */ = {isa = PBXFileReference; lastKnownFileType = sourcecode.swift; path = SyncConflictResolver.swift; sourceTree = "<group>"; };
		95C8821E01F5E6D6F9DE4CDB /* PDFExportSheet.swift */ = {isa = PBXFileReference; lastKnownFileType = sourcecode.swift; path = PDFExportSheet.swift; sourceTree = "<group>"; };
		96D562099C30B55933868C44 /* AboutSettingsView.swift */ = {isa = PBXFileReference; lastKnownFileType = sourcecode.swift; path = AboutSettingsView.swift; sourceTree = "<group>"; };
		9E8CFE86A4D1E78431CED3AB /* ConfigManager.swift */ = {isa = PBXFileReference; lastKnownFileType = sourcecode.swift; path = ConfigManager.swift; sourceTree = "<group>"; };
		A2A3E01C9ACADA450D2015E9 /* AccessibilityEnhancer.swift */ = {isa = PBXFileReference; lastKnownFileType = sourcecode.swift; path = AccessibilityEnhancer.swift; sourceTree = "<group>"; };
		A34C0CBE2069F104EE75A3ED /* APIManager.swift */ = {isa = PBXFileReference; lastKnownFileType = sourcecode.swift; path = APIManager.swift; sourceTree = "<group>"; };
		ADDD22C14B2D1E97217FF29F /* UpgradePromptView.swift */ = {isa = PBXFileReference; lastKnownFileType = sourcecode.swift; path = UpgradePromptView.swift; sourceTree = "<group>"; };
		B42E8E951B17E6D8E96B9BFD /* NetworkUtils.swift */ = {isa = PBXFileReference; lastKnownFileType = sourcecode.swift; path = NetworkUtils.swift; sourceTree = "<group>"; };
		BEED071C64C80A0C49AFE60B /* UserFriendlyError.swift */ = {isa = PBXFileReference; lastKnownFileType = sourcecode.swift; path = UserFriendlyError.swift; sourceTree = "<group>"; };
		C1630FC5FFF88D97B8840410 /* FamilyGuardView.swift */ = {isa = PBXFileReference; lastKnownFileType = sourcecode.swift; path = FamilyGuardView.swift; sourceTree = "<group>"; };
		C278C5E6A6CB43AD576B3ACF /* Models.swift */ = {isa = PBXFileReference; lastKnownFileType = sourcecode.swift; path = Models.swift; sourceTree = "<group>"; };
		C38A090D3C6321670E49BBA9 /* CapsuleDetailView.swift */ = {isa = PBXFileReference; lastKnownFileType = sourcecode.swift; path = CapsuleDetailView.swift; sourceTree = "<group>"; };
		C642A6872297E52B86ADE110 /* APIClient.swift */ = {isa = PBXFileReference; lastKnownFileType = sourcecode.swift; path = APIClient.swift; sourceTree = "<group>"; };
		CBFC0BE5359C25A5B647E7C2 /* CapsuleList.swift */ = {isa = PBXFileReference; lastKnownFileType = sourcecode.swift; path = CapsuleList.swift; sourceTree = "<group>"; };
		CC2AF11B769EFF5789ACD60F /* jpush-extension-ios-2.0.6.xcframework */ = {isa = PBXFileReference; lastKnownFileType = wrapper.xcframework; name = "jpush-extension-ios-2.0.6.xcframework"; path = "jpush-ios-6.0.0-release/Lib/JPushSDKLib/jpush-extension-ios-2.0.6.xcframework"; sourceTree = "<group>"; };
		D26F00E18E8C7FD3C8A78C20 /* CloudStorageManager.swift */ = {isa = PBXFileReference; lastKnownFileType = sourcecode.swift; path = CloudStorageManager.swift; sourceTree = "<group>"; };
		D7BA78762FC5AB49D8ACC8D6 /* OfflineEditorManager.swift */ = {isa = PBXFileReference; lastKnownFileType = sourcecode.swift; path = OfflineEditorManager.swift; sourceTree = "<group>"; };
		D84AA0E96ABE23474519AE97 /* AuthManager.swift */ = {isa = PBXFileReference; lastKnownFileType = sourcecode.swift; path = AuthManager.swift; sourceTree = "<group>"; };
		DD1EFABFCF3FE6305F1EB2C3 /* OnboardingView.swift */ = {isa = PBXFileReference; lastKnownFileType = sourcecode.swift; path = OnboardingView.swift; sourceTree = "<group>"; };
		DEAE7365AB62AA2C675749F1 /* FamilyMember.swift */ = {isa = PBXFileReference; lastKnownFileType = sourcecode.swift; path = FamilyMember.swift; sourceTree = "<group>"; };
		DF18D579F81785A766089D84 /* AppStabilityManager.swift */ = {isa = PBXFileReference; lastKnownFileType = sourcecode.swift; path = AppStabilityManager.swift; sourceTree = "<group>"; };
		DF48D9A24F5A11D85970B1D9 /* NotificationManager.swift */ = {isa = PBXFileReference; lastKnownFileType = sourcecode.swift; path = NotificationManager.swift; sourceTree = "<group>"; };
		E5701AEE234EC186F1868F99 /* WillModuleEdit.swift */ = {isa = PBXFileReference; lastKnownFileType = sourcecode.swift; path = WillModuleEdit.swift; sourceTree = "<group>"; };
		E7E2CBFAA3A11F1F3E0182D5 /* ChunkedUploadManager.swift */ = {isa = PBXFileReference; lastKnownFileType = sourcecode.swift; path = ChunkedUploadManager.swift; sourceTree = "<group>"; };
		E8DA5E86D9E045EE3DE582CE /* WillPreviewView.swift */ = {isa = PBXFileReference; lastKnownFileType = sourcecode.swift; path = WillPreviewView.swift; sourceTree = "<group>"; };
		E94B7C8DB86285832F630F88 /* DeviceMonitor.swift */ = {isa = PBXFileReference; lastKnownFileType = sourcecode.swift; path = DeviceMonitor.swift; sourceTree = "<group>"; };
		EAC4F388F156F28F282BCEED /* AppDelegate.swift */ = {isa = PBXFileReference; lastKnownFileType = sourcecode.swift; path = AppDelegate.swift; sourceTree = "<group>"; };
		EACE8EE52ECCC95FFBC632EC /* jcore-ios-5.3.0.xcframework */ = {isa = PBXFileReference; lastKnownFileType = wrapper.xcframework; name = "jcore-ios-5.3.0.xcframework"; path = "jpush-ios-6.0.0-release/Lib/JPushSDKLib/jcore-ios-5.3.0.xcframework"; sourceTree = "<group>"; };
		EAF597AEA7489DCF9BE08B53 /* MemoryManager.swift */ = {isa = PBXFileReference; lastKnownFileType = sourcecode.swift; path = MemoryManager.swift; sourceTree = "<group>"; };
		EB368D6F7CC697522F8E6504 /* PerformanceOptimizer.swift */ = {isa = PBXFileReference; lastKnownFileType = sourcecode.swift; path = PerformanceOptimizer.swift; sourceTree = "<group>"; };
		ED4CEDEDC3F54D084AEEE246 /* Info.plist */ = {isa = PBXFileReference; lastKnownFileType = text.plist; path = Info.plist; sourceTree = "<group>"; };
		F50989A814BAC53DABBE3733 /* Logger.swift */ = {isa = PBXFileReference; lastKnownFileType = sourcecode.swift; path = Logger.swift; sourceTree = "<group>"; };
/* End PBXFileReference section */

/* Begin PBXFrameworksBuildPhase section */
		A4B41201A50380FB6078B13B /* Frameworks */ = {
			isa = PBXFrameworksBuildPhase;
			buildActionMask = 2147483647;
			files = (
				9692075A82D4E1CB3C1343DD /* jpush-ios-6.0.0.xcframework in Frameworks */,
				89F07078C8E6C978FACB3AD2 /* jcore-ios-5.3.0.xcframework in Frameworks */,
				57778D3BE01D8BD1EF4BAE55 /* jpush-extension-ios-2.0.6.xcframework in Frameworks */,
			);
			runOnlyForDeploymentPostprocessing = 0;
		};
/* End PBXFrameworksBuildPhase section */

/* Begin PBXGroup section */
		1A01FFEE393EA420001D5A61 /* Views */ = {
			isa = PBXGroup;
			children = (
				020DFC00792D2106EBD36AFC /* HomeStatusView.swift */,
			);
			path = Views;
			sourceTree = "<group>";
		};
		1B65FF7AFFCF6A12445BA863 /* Components */ = {
			isa = PBXGroup;
			children = (
			);
			path = Components;
			sourceTree = "<group>";
		};
		2A8972CFE693AD4E926D4955 /* Models */ = {
			isa = PBXGroup;
			children = (
				DEAE7365AB62AA2C675749F1 /* FamilyMember.swift */,
			);
			path = Models;
			sourceTree = "<group>";
		};
		2C8E1A06C6F07037CE6EC8DD /* Capsule */ = {
			isa = PBXGroup;
			children = (
				39C00052565C9ACE64898883 /* Views */,
			);
			path = Capsule;
			sourceTree = "<group>";
		};
		2F7DC2722BB6D0EA563F6399 /* Family */ = {
			isa = PBXGroup;
			children = (
				725E8576DFD8D0367B8C6D97 /* Components */,
				2A8972CFE693AD4E926D4955 /* Models */,
				70279B0229DC81C6E628E906 /* Views */,
			);
			path = Family;
			sourceTree = "<group>";
		};
		325D7FB1C92C74F08C38E861 /* Frameworks */ = {
			isa = PBXGroup;
			children = (
				EACE8EE52ECCC95FFBC632EC /* jcore-ios-5.3.0.xcframework */,
				CC2AF11B769EFF5789ACD60F /* jpush-extension-ios-2.0.6.xcframework */,
				6C4D5EB7867B6C896C0FBCC8 /* jpush-ios-6.0.0.xcframework */,
			);
			name = Frameworks;
			sourceTree = "<group>";
		};
		398AE746652133E08AAD6C0A /* Components */ = {
			isa = PBXGroup;
			children = (
			);
			path = Components;
			sourceTree = "<group>";
		};
		39C00052565C9ACE64898883 /* Views */ = {
			isa = PBXGroup;
			children = (
				6B968F374BED4E8830659690 /* AVPlayerView.swift */,
				C38A090D3C6321670E49BBA9 /* CapsuleDetailView.swift */,
				58406021AF7F26476F1725CC /* CapsuleEditView.swift */,
				CBFC0BE5359C25A5B647E7C2 /* CapsuleList.swift */,
				40BCA1D08F740F4B3C3925A1 /* ReceivedCapsuleListView.swift */,
			);
			path = Views;
			sourceTree = "<group>";
		};
		475D788EFEEDAE09A7933DC0 /* Auth */ = {
			isa = PBXGroup;
			children = (
				398AE746652133E08AAD6C0A /* Components */,
				943C50CE7C7455CFB19E92CB /* Views */,
			);
			path = Auth;
			sourceTree = "<group>";
		};
		48760F1A1ED28D1A30D2706D /* Utils */ = {
			isa = PBXGroup;
			children = (
				A2A3E01C9ACADA450D2015E9 /* AccessibilityEnhancer.swift */,
				01790E4F2F3D0B3960629C18 /* AppConfig.swift */,
				819C2614594B9222511D669B /* AppError.swift */,
				8D622115F853427CE6AD0E77 /* Benchmark.swift */,
				4371C47691765E6B0C44F774 /* Colors.swift */,
				50CBEE2F67EED9FA7B069DCB /* DebugConfig.swift */,
				90A2FAC578490670E399F970 /* DesignPatterns.swift */,
				900014B4609B32307D5DA7A5 /* ErrorHandler.swift */,
				577FB2BD2EA72186534E72A0 /* HapticFeedback.swift */,
				7AA31C7645945200D6D1B2BB /* InputValidator.swift */,
				F50989A814BAC53DABBE3733 /* Logger.swift */,
				EAF597AEA7489DCF9BE08B53 /* MemoryManager.swift */,
				B42E8E951B17E6D8E96B9BFD /* NetworkUtils.swift */,
				95C8821E01F5E6D6F9DE4CDB /* PDFExportSheet.swift */,
				4803D9664D8E405B0A8EE720 /* PDFGenerator.swift */,
				EB368D6F7CC697522F8E6504 /* PerformanceOptimizer.swift */,
				BEED071C64C80A0C49AFE60B /* UserFriendlyError.swift */,
			);
			path = Utils;
			sourceTree = "<group>";
		};
		4FEEBE56826F1AF1FB1F8F58 /* Views */ = {
			isa = PBXGroup;
			children = (
				96D562099C30B55933868C44 /* AboutSettingsView.swift */,
				2DEE4DD2B8ECBC15062589F9 /* LegalDisclosureView.swift */,
				585D4487EE3FB1C7623DC3CB /* MembershipView.swift */,
				3201035732F9FD6D818D32B4 /* SettingsDetailView.swift */,
				80DC535B7F587ACEDCB0681A /* SettingsView.swift */,
				ADDD22C14B2D1E97217FF29F /* UpgradePromptView.swift */,
			);
			path = Views;
			sourceTree = "<group>";
		};
		647E5468759D52A821ECBF8B /* Home */ = {
			isa = PBXGroup;
			children = (
				89ED1B1BC38D5BFCBFDC005E /* Components */,
				1A01FFEE393EA420001D5A61 /* Views */,
			);
			path = Home;
			sourceTree = "<group>";
		};
		70279B0229DC81C6E628E906 /* Views */ = {
			isa = PBXGroup;
			children = (
				436489E7FE94F62B8228B7A8 /* BindFamilyView.swift */,
				13C6462556E1984D4A645562 /* FamilyArchiveView.swift */,
				C1630FC5FFF88D97B8840410 /* FamilyGuardView.swift */,
				07579CF4B3E70A217992B90F /* InviteCodeView.swift */,
				277D91B2F8E37C42CD117562 /* QRCodeScannerView.swift */,
			);
			path = Views;
			sourceTree = "<group>";
		};
		725E8576DFD8D0367B8C6D97 /* Components */ = {
			isa = PBXGroup;
			children = (
			);
			path = Components;
			sourceTree = "<group>";
		};
		7AEFA22D1CB1C3B21B43FB46 = {
			isa = PBXGroup;
			children = (
				F32BF620CB54FBE0CF306159 /* App */,
				DEF88D5F8A66EE9256427762 /* Features */,
				82DD817B6FC8CF95A214D1DC /* Managers */,
				7BDC5845160952F1ED618A73 /* Models */,
				48760F1A1ED28D1A30D2706D /* Utils */,
				EAC4F388F156F28F282BCEED /* AppDelegate.swift */,
				38A16566FA6A3CFC2001EA6D /* Assets.xcassets */,
				ED4CEDEDC3F54D084AEEE246 /* Info.plist */,
				325D7FB1C92C74F08C38E861 /* Frameworks */,
				F104D99C2A8C99F917D8D723 /* Products */,
			);
			sourceTree = "<group>";
		};
		7BDC5845160952F1ED618A73 /* Models */ = {
			isa = PBXGroup;
			children = (
				C278C5E6A6CB43AD576B3ACF /* Models.swift */,
			);
			path = Models;
			sourceTree = "<group>";
		};
		82DD817B6FC8CF95A214D1DC /* Managers */ = {
			isa = PBXGroup;
			children = (
				7B27C82E3011DCCF2A680203 /* AccountValidator.swift */,
				C642A6872297E52B86ADE110 /* APIClient.swift */,
				A34C0CBE2069F104EE75A3ED /* APIManager.swift */,
				DF18D579F81785A766089D84 /* AppStabilityManager.swift */,
				D84AA0E96ABE23474519AE97 /* AuthManager.swift */,
				1C5985EAC98FF0EDD52C90EF /* CacheManager.swift */,
				E7E2CBFAA3A11F1F3E0182D5 /* ChunkedUploadManager.swift */,
				D26F00E18E8C7FD3C8A78C20 /* CloudStorageManager.swift */,
				9E8CFE86A4D1E78431CED3AB /* ConfigManager.swift */,
				74E7C897CF12FE9BA3AA1C69 /* DataManager.swift */,
				E94B7C8DB86285832F630F88 /* DeviceMonitor.swift */,
				25EB1D416461C0F9C39C204D /* ElectronicSignatureManager.swift */,
				06F2BB7C3086B22BBB64F52A /* IAPManager.swift */,
				52D3517D4F96B7198C41F90E /* iCloudBackupManager.swift */,
				22B1C2207AA0A72A3E491CCF /* JPushManager.swift */,
				25FD9F2FB216BD1F268A9FC7 /* KeychainManager.swift */,
				8B07E4ACF7B16F3DF5705436 /* LifeCheckStatusManager.swift */,
				8DCDFB364CBAD95E96525D70 /* MembershipManager.swift */,
				8EA86BF08D81F419A10892BC /* MessageManager.swift */,
				DF48D9A24F5A11D85970B1D9 /* NotificationManager.swift */,
				D7BA78762FC5AB49D8ACC8D6 /* OfflineEditorManager.swift */,
				9565B8C236626500A835ED98 /* SyncConflictResolver.swift */,
				4235931E65C37811F1725A52 /* ThemeManager.swift */,
				24093F404A9CDA5C0009ADA3 /* TokenManager.swift */,
				281631AF17B68A506AEA838D /* UserManager.swift */,
				756A694388DC598CABA5FAAC /* UserRegistration.swift */,
				6E63E5E4017BEFE3A8B0197C /* UserSession.swift */,
				566A95437A25C5DFA418CF21 /* VersionCheckManager.swift */,
			);
			path = Managers;
			sourceTree = "<group>";
		};
		89ED1B1BC38D5BFCBFDC005E /* Components */ = {
			isa = PBXGroup;
			children = (
			);
			path = Components;
			sourceTree = "<group>";
		};
		943C50CE7C7455CFB19E92CB /* Views */ = {
			isa = PBXGroup;
			children = (
				6BB0D8F29C893DAA2B72BD9C /* LoginView.swift */,
				0801AA0D893A3DFD3FF9145F /* RegisterView.swift */,
				3080794CC0F56600ACFE733F /* ResetPasswordView.swift */,
			);
			path = Views;
			sourceTree = "<group>";
		};
		AE03C199F04BEEE642B4C32C /* Views */ = {
			isa = PBXGroup;
			children = (
				3F5C2800D4435BF60FDBF674 /* WillAssetsView.swift */,
				E5701AEE234EC186F1868F99 /* WillModuleEdit.swift */,
				E8DA5E86D9E045EE3DE582CE /* WillPreviewView.swift */,
			);
			path = Views;
			sourceTree = "<group>";
		};
		AF99AC8319E4467AF8DAC65F /* Settings */ = {
			isa = PBXGroup;
			children = (
				1B65FF7AFFCF6A12445BA863 /* Components */,
				4FEEBE56826F1AF1FB1F8F58 /* Views */,
			);
			path = Settings;
			sourceTree = "<group>";
		};
		C693AA6A0BAD70C61C7AB163 /* Will */ = {
			isa = PBXGroup;
			children = (
				E0D996254FD987FA372299DE /* Components */,
				AE03C199F04BEEE642B4C32C /* Views */,
			);
			path = Will;
			sourceTree = "<group>";
		};
		DEF88D5F8A66EE9256427762 /* Features */ = {
			isa = PBXGroup;
			children = (
				475D788EFEEDAE09A7933DC0 /* Auth */,
				2C8E1A06C6F07037CE6EC8DD /* Capsule */,
				2F7DC2722BB6D0EA563F6399 /* Family */,
				647E5468759D52A821ECBF8B /* Home */,
				AF99AC8319E4467AF8DAC65F /* Settings */,
				C693AA6A0BAD70C61C7AB163 /* Will */,
			);
			path = Features;
			sourceTree = "<group>";
		};
		E0D996254FD987FA372299DE /* Components */ = {
			isa = PBXGroup;
			children = (
			);
			path = Components;
			sourceTree = "<group>";
		};
		F104D99C2A8C99F917D8D723 /* Products */ = {
			isa = PBXGroup;
			children = (
				0907848EFBF0EB56DA34CB2C /* 终活.app */,
			);
			name = Products;
			sourceTree = "<group>";
		};
		F32BF620CB54FBE0CF306159 /* App */ = {
			isa = PBXGroup;
			children = (
				52BAAA1F2133C403CC319686 /* ContentView.swift */,
				DD1EFABFCF3FE6305F1EB2C3 /* OnboardingView.swift */,
				6B4362804BCCFF90C6A5D529 /* ZhonghuoApp.swift */,
			);
			path = App;
			sourceTree = "<group>";
		};
/* End PBXGroup section */

/* Begin PBXNativeTarget section */
		3AC11871DCF9E44D4B53BDC9 /* 终活 */ = {
			isa = PBXNativeTarget;
			buildConfigurationList = 208B1DFE951CDDF49B6113C0 /* Build configuration list for PBXNativeTarget "终活" */;
			buildPhases = (
				3CDCF850A7D71CEEB8177FF2 /* Sources */,
				4BE68008ECE7A750163D5937 /* Resources */,
				A4B41201A50380FB6078B13B /* Frameworks */,
				11D3948FA0B9725750F5ECC3 /* Embed Frameworks */,
			);
			buildRules = (
			);
			dependencies = (
			);
			name = "终活";
			packageProductDependencies = (
			);
			productName = "终活";
			productReference = 0907848EFBF0EB56DA34CB2C /* 终活.app */;
			productType = "com.apple.product-type.application";
		};
/* End PBXNativeTarget section */

/* Begin PBXProject section */
		E6D042EB422440F399F2C0F3 /* Project object */ = {
			isa = PBXProject;
			attributes = {
				BuildIndependentTargetsInParallel = YES;
				LastUpgradeCheck = 1430;
				TargetAttributes = {
					3AC11871DCF9E44D4B53BDC9 = {
						DevelopmentTeam = YOUR_TEAM_ID;
						ProvisioningStyle = Automatic;
					};
				};
			};
			buildConfigurationList = 9F0ADB07E5F18E85541FD872 /* Build configuration list for PBXProject "终活" */;
			developmentRegion = en;
			hasScannedForEncodings = 0;
			knownRegions = (
				Base,
				en,
			);
			mainGroup = 7AEFA22D1CB1C3B21B43FB46;
			minimizedProjectReferenceProxies = 1;
			preferredProjectObjectVersion = 77;
			productRefGroup = F104D99C2A8C99F917D8D723 /* Products */;
			projectDirPath = "";
			projectRoot = "";
			targets = (
				3AC11871DCF9E44D4B53BDC9 /* 终活 */,
			);
		};
/* End PBXProject section */

/* Begin PBXResourcesBuildPhase section */
		4BE68008ECE7A750163D5937 /* Resources */ = {
			isa = PBXResourcesBuildPhase;
			buildActionMask = 2147483647;
			files = (
				9AC21E948DB60E4B03E1F991 /* Assets.xcassets in Resources */,
			);
			runOnlyForDeploymentPostprocessing = 0;
		};
/* End PBXResourcesBuildPhase section */

/* Begin PBXSourcesBuildPhase section */
		3CDCF850A7D71CEEB8177FF2 /* Sources */ = {
			isa = PBXSourcesBuildPhase;
			buildActionMask = 2147483647;
			files = (
				DEB66C43D859156CDEF3EEEF /* APIClient.swift in Sources */,
				8329A6C52B90378B57FE1E92 /* APIManager.swift in Sources */,
				DAB97FC9D76A363283AD54FA /* AVPlayerView.swift in Sources */,
				7A47FF470C8E55236C9671D8 /* AboutSettingsView.swift in Sources */,
				5183CA2D181B3A428826FCDA /* AccessibilityEnhancer.swift in Sources */,
				1DA41532CFABB390DD392CBA /* AccountValidator.swift in Sources */,
				EF6D9FF9FEE66B342D8C252E /* AppConfig.swift in Sources */,
				97A1B8D08F9239BF06CE2228 /* AppDelegate.swift in Sources */,
				D68CB58ACF9380D9532DBA12 /* AppError.swift in Sources */,
				BA1C277BDA6DB2B0A2FE1F60 /* AppStabilityManager.swift in Sources */,
				A45FFBE7475207A7E7ACD6CA /* AuthManager.swift in Sources */,
				CFA9D84F4DE49FEBA7D95B70 /* Benchmark.swift in Sources */,
				07519F3E3E04D1ED331B7AED /* BindFamilyView.swift in Sources */,
				7BD300F22BBD4B8EAA348231 /* CacheManager.swift in Sources */,
				F1FEA80DC486C9F94B9D7820 /* CapsuleDetailView.swift in Sources */,
				F01AFFDF5B8D7019672BF17C /* CapsuleEditView.swift in Sources */,
				82C395288FD67BFB0A83DE04 /* CapsuleList.swift in Sources */,
				BBBBD40ABF9CD723DF99624C /* ChunkedUploadManager.swift in Sources */,
				96E0839C93AB01E58042A0AD /* CloudStorageManager.swift in Sources */,
				6861066F0060556303486D0E /* Colors.swift in Sources */,
				20D9C65D3B49436EA54491B1 /* ConfigManager.swift in Sources */,
				031A92067F1801ED26FAB895 /* ContentView.swift in Sources */,
				D8EDE7B37E249553774942FF /* DataManager.swift in Sources */,
				74D775611913FCC5CCF5243E /* DebugConfig.swift in Sources */,
				4FEA63449202E7C6E8789551 /* DesignPatterns.swift in Sources */,
				03C4A5871843E7A904349D7B /* DeviceMonitor.swift in Sources */,
				F15CDE25F33329C9B52EDB0B /* ElectronicSignatureManager.swift in Sources */,
				829402892FACA11E5F1CE810 /* ErrorHandler.swift in Sources */,
				588B23A6C674CAD83174C5C2 /* FamilyArchiveView.swift in Sources */,
				3DF26789364F9F88C47E60EB /* FamilyGuardView.swift in Sources */,
				2B81B3F6F003B14260D75CB6 /* FamilyMember.swift in Sources */,
				F69E3E43B615AEFCA23071DE /* HapticFeedback.swift in Sources */,
				2E871C78603CA6CF73249A81 /* HomeStatusView.swift in Sources */,
				C202F1A646AA51D191CADAB5 /* IAPManager.swift in Sources */,
				C8AEA92E25E80D400705AE47 /* InputValidator.swift in Sources */,
				3597B3D9CB1CB5FCD9719C83 /* InviteCodeView.swift in Sources */,
				E3B09FF879F38C5491D17E7B /* JPushManager.swift in Sources */,
				DF61005FFFC747E3343474AA /* KeychainManager.swift in Sources */,
				814E8E87BFCC10CA6961BC3E /* LegalDisclosureView.swift in Sources */,
				E9B50B9B8EC2EF70151BE222 /* LifeCheckStatusManager.swift in Sources */,
				F3F6BB74B824C0E27C65C4F6 /* Logger.swift in Sources */,
				E48CF9DB3E36A413E7A27748 /* LoginView.swift in Sources */,
				524778747EC31FB753C01FF4 /* MembershipManager.swift in Sources */,
				83A2BED9D3A609ED4B0DFBA4 /* MembershipView.swift in Sources */,
				23AB6B69060604A0CFF1687B /* MemoryManager.swift in Sources */,
				117362CEE06099D203F083AB /* MessageManager.swift in Sources */,
				EA61EE224B460FE8D4E2909C /* Models.swift in Sources */,
				8CCCF22567DC70BA86E5A3B0 /* NetworkUtils.swift in Sources */,
				91B4413C33A9BC292E66334D /* NotificationManager.swift in Sources */,
				800C38B557EE1C7D3FD2FC29 /* OfflineEditorManager.swift in Sources */,
				3EC068659B1DE7ED2D7F99A7 /* OnboardingView.swift in Sources */,
				282767E29A64DBE59325CBA2 /* PDFExportSheet.swift in Sources */,
				BF01E0759C42A6D6DDE61F37 /* PDFGenerator.swift in Sources */,
				29E00B2F8273BA0C42B0B806 /* PerformanceOptimizer.swift in Sources */,
				21B44C1908E9E902D5FFE83F /* QRCodeScannerView.swift in Sources */,
				3EBE9ED57C7DE91ED98B31C8 /* ReceivedCapsuleListView.swift in Sources */,
				8BE54187F4BFDCF7EFF03F84 /* RegisterView.swift in Sources */,
				736A049925EF89FE0F74BE59 /* ResetPasswordView.swift in Sources */,
				0589E5D7C0767013EA3FD178 /* SettingsDetailView.swift in Sources */,
				00F2F6281B868D10E224D971 /* SettingsView.swift in Sources */,
				C1B8536E5D197A7DD01C1571 /* SyncConflictResolver.swift in Sources */,
				11FE76C3966A5EBE9FE06329 /* ThemeManager.swift in Sources */,
				3A6C79DE21D5EFF98B4127A6 /* TokenManager.swift in Sources */,
				E2E087D54592566B58E88C6B /* UpgradePromptView.swift in Sources */,
				CE3D56066FA0D89ADC6C13E0 /* UserFriendlyError.swift in Sources */,
				DB04F427909F6BD3F2538983 /* UserManager.swift in Sources */,
				97501D39E274F50B537F2C1F /* UserRegistration.swift in Sources */,
				37444D66A9BE5F84D0A82BE2 /* UserSession.swift in Sources */,
				C9B7E9FD524A4AC665D5BE02 /* VersionCheckManager.swift in Sources */,
				9D84ECCD1EAAB317E66C9DB4 /* WillAssetsView.swift in Sources */,
				ADDE7D8032B4E7BAB60F18BB /* WillModuleEdit.swift in Sources */,
				E8CC398016860BD0CCFE1677 /* WillPreviewView.swift in Sources */,
				1F6F3291745BAA81CB5204C2 /* ZhonghuoApp.swift in Sources */,
				8D6774B58E51706262FFE6A9 /* iCloudBackupManager.swift in Sources */,
			);
			runOnlyForDeploymentPostprocessing = 0;
		};
/* End PBXSourcesBuildPhase section */

/* Begin XCBuildConfiguration section */
		25D388346BFDA2BF44E6547E /* Debug */ = {
			isa = XCBuildConfiguration;
			buildSettings = {
				ALWAYS_EMBED_SWIFT_STANDARD_LIBRARIES = YES;
				ALWAYS_SEARCH_USER_PATHS = NO;
				CLANG_ANALYZER_NONNULL = YES;
				CLANG_ANALYZER_NUMBER_OBJECT_CONVERSION = YES_AGGRESSIVE;
				CLANG_CXX_LANGUAGE_STANDARD = "gnu++14";
				CLANG_CXX_LIBRARY = "libc++";
				CLANG_ENABLE_MODULES = YES;
				CLANG_ENABLE_OBJC_ARC = YES;
				CLANG_ENABLE_OBJC_WEAK = YES;
				CLANG_WARN_BLOCK_CAPTURE_AUTORELEASING = YES;
				CLANG_WARN_BOOL_CONVERSION = YES;
				CLANG_WARN_COMMA = YES;
				CLANG_WARN_CONSTANT_CONVERSION = YES;
				CLANG_WARN_DEPRECATED_OBJC_IMPLEMENTATIONS = YES;
				CLANG_WARN_DIRECT_OBJC_ISA_USAGE = YES_ERROR;
				CLANG_WARN_DOCUMENTATION_COMMENTS = YES;
				CLANG_WARN_EMPTY_BODY = YES;
				CLANG_WARN_ENUM_CONVERSION = YES;
				CLANG_WARN_INFINITE_RECURSION = YES;
				CLANG_WARN_INT_CONVERSION = YES;
				CLANG_WARN_NON_LITERAL_NULL_CONVERSION = YES;
				CLANG_WARN_OBJC_IMPLICIT_RETAIN_SELF = YES;
				CLANG_WARN_OBJC_LITERAL_CONVERSION = YES;
				CLANG_WARN_OBJC_ROOT_CLASS = YES_ERROR;
				CLANG_WARN_QUOTED_INCLUDE_IN_FRAMEWORK_HEADER = YES;
				CLANG_WARN_RANGE_LOOP_ANALYSIS = YES;
				CLANG_WARN_STRICT_PROTOTYPES = YES;
				CLANG_WARN_SUSPICIOUS_MOVE = YES;
				CLANG_WARN_UNGUARDED_AVAILABILITY = YES_AGGRESSIVE;
				CLANG_WARN_UNREACHABLE_CODE = YES;
				CLANG_WARN__DUPLICATE_METHOD_MATCH = YES;
				CODE_SIGN_STYLE = Automatic;
				COPY_PHASE_STRIP = NO;
				CURRENT_PROJECT_VERSION = 1;
				DEBUG_INFORMATION_FORMAT = dwarf;
				DEVELOPMENT_TEAM = YOUR_TEAM_ID;
				ENABLE_PREVIEWS = YES;
				ENABLE_STRICT_OBJC_MSGSEND = YES;
				ENABLE_TESTABILITY = YES;
				GCC_C_LANGUAGE_STANDARD = gnu11;
				GCC_DYNAMIC_NO_PIC = NO;
				GCC_NO_COMMON_BLOCKS = YES;
				GCC_OPTIMIZATION_LEVEL = 0;
				GCC_PREPROCESSOR_DEFINITIONS = (
					"DEBUG=1",
					"$(inherited)",
				);
				GCC_WARN_64_TO_32_BIT_CONVERSION = YES;
				GCC_WARN_ABOUT_RETURN_TYPE = YES_ERROR;
				GCC_WARN_UNDECLARED_SELECTOR = YES;
				GCC_WARN_UNINITIALIZED_AUTOS = YES_AGGRESSIVE;
				GCC_WARN_UNUSED_FUNCTION = YES;
				GCC_WARN_UNUSED_VARIABLE = YES;
				GENERATE_STRING_CATALOGS = YES;
				HEADER_SEARCH_PATHS = (
					"$(PROJECT_DIR)/jpush-ios-6.0.0-release/Lib/JPushSDKLib/jpush-ios-6.0.0.xcframework/ios-arm64/Headers",
					"$(PROJECT_DIR)/jpush-ios-6.0.0-release/Lib/JPushSDKLib/jpush-ios-6.0.0.xcframework/ios-arm64_x86_64-simulator/Headers",
					"$(PROJECT_DIR)/jpush-ios-6.0.0-release/Lib/JPushSDKLib-noidfa/jpush-ios-6.0.0.xcframework/ios-arm64/Headers",
					"$(PROJECT_DIR)/jpush-ios-6.0.0-release/Lib/JPushSDKLib-noidfa/jpush-ios-6.0.0.xcframework/ios-arm64_x86_64-simulator/Headers",
				);
				INFOPLIST_FILE = Info.plist;
				IOS_DEPLOYMENT_TARGET = 15.0;
				IPHONEOS_DEPLOYMENT_TARGET = 15.0;
				MARKETING_VERSION = 2.0.0;
				MTL_ENABLE_DEBUG_INFO = INCLUDE_SOURCE;
				MTL_FAST_MATH = YES;
				ONLY_ACTIVE_ARCH = YES;
				OTHER_LDFLAGS = (
					"$(inherited)",
					"-lresolv",
				);
				PRODUCT_BUNDLE_IDENTIFIER = com.zhonghuo.app;
				PRODUCT_NAME = "终活";
				SDKROOT = iphoneos;
				SWIFT_ACTIVE_COMPILATION_CONDITIONS = DEBUG;
				SWIFT_EMIT_LOC_STRINGS = YES;
				SWIFT_OBJC_BRIDGING_HEADER = "终活-Bridging-Header.h";
				SWIFT_OPTIMIZATION_LEVEL = "-Onone";
				SWIFT_STRICT_CONCURRENCY = minimal;
				SWIFT_TREAT_AS_ERROR_CONCURRENCY_VIOLATIONS = NO;
				SWIFT_VERSION = 5.9;
				TARGETED_DEVICE_FAMILY = "1,2";
			};
			name = Debug;
		};
		4C2645B32AC13A6F625BFCD8 /* Release */ = {
			isa = XCBuildConfiguration;
			buildSettings = {
				ALWAYS_EMBED_SWIFT_STANDARD_LIBRARIES = YES;
				ALWAYS_SEARCH_USER_PATHS = NO;
				CLANG_ANALYZER_NONNULL = YES;
				CLANG_ANALYZER_NUMBER_OBJECT_CONVERSION = YES_AGGRESSIVE;
				CLANG_CXX_LANGUAGE_STANDARD = "gnu++14";
				CLANG_CXX_LIBRARY = "libc++";
				CLANG_ENABLE_MODULES = YES;
				CLANG_ENABLE_OBJC_ARC = YES;
				CLANG_ENABLE_OBJC_WEAK = YES;
				CLANG_WARN_BLOCK_CAPTURE_AUTORELEASING = YES;
				CLANG_WARN_BOOL_CONVERSION = YES;
				CLANG_WARN_COMMA = YES;
				CLANG_WARN_CONSTANT_CONVERSION = YES;
				CLANG_WARN_DEPRECATED_OBJC_IMPLEMENTATIONS = YES;
				CLANG_WARN_DIRECT_OBJC_ISA_USAGE = YES_ERROR;
				CLANG_WARN_DOCUMENTATION_COMMENTS = YES;
				CLANG_WARN_EMPTY_BODY = YES;
				CLANG_WARN_ENUM_CONVERSION = YES;
				CLANG_WARN_INFINITE_RECURSION = YES;
				CLANG_WARN_INT_CONVERSION = YES;
				CLANG_WARN_NON_LITERAL_NULL_CONVERSION = YES;
				CLANG_WARN_OBJC_IMPLICIT_RETAIN_SELF = YES;
				CLANG_WARN_OBJC_LITERAL_CONVERSION = YES;
				CLANG_WARN_OBJC_ROOT_CLASS = YES_ERROR;
				CLANG_WARN_QUOTED_INCLUDE_IN_FRAMEWORK_HEADER = YES;
				CLANG_WARN_RANGE_LOOP_ANALYSIS = YES;
				CLANG_WARN_STRICT_PROTOTYPES = YES;
				CLANG_WARN_SUSPICIOUS_MOVE = YES;
				CLANG_WARN_UNGUARDED_AVAILABILITY = YES_AGGRESSIVE;
				CLANG_WARN_UNREACHABLE_CODE = YES;
				CLANG_WARN__DUPLICATE_METHOD_MATCH = YES;
				CODE_SIGN_STYLE = Automatic;
				COPY_PHASE_STRIP = NO;
				CURRENT_PROJECT_VERSION = 1;
				DEBUG_INFORMATION_FORMAT = "dwarf-with-dsym";
				DEVELOPMENT_TEAM = YOUR_TEAM_ID;
				ENABLE_NS_ASSERTIONS = NO;
				ENABLE_PREVIEWS = YES;
				ENABLE_STRICT_OBJC_MSGSEND = YES;
				GCC_C_LANGUAGE_STANDARD = gnu11;
				GCC_NO_COMMON_BLOCKS = YES;
				GCC_OPTIMIZATION_LEVEL = 0;
				GCC_PREPROCESSOR_DEFINITIONS = (
					"DEBUG=1",
					"$(inherited)",
				);
				GCC_WARN_64_TO_32_BIT_CONVERSION = YES;
				GCC_WARN_ABOUT_RETURN_TYPE = YES_ERROR;
				GCC_WARN_UNDECLARED_SELECTOR = YES;
				GCC_WARN_UNINITIALIZED_AUTOS = YES_AGGRESSIVE;
				GCC_WARN_UNUSED_FUNCTION = YES;
				GCC_WARN_UNUSED_VARIABLE = YES;
				GENERATE_STRING_CATALOGS = YES;
				HEADER_SEARCH_PATHS = (
					"$(PROJECT_DIR)/jpush-ios-6.0.0-release/Lib/JPushSDKLib/jpush-ios-6.0.0.xcframework/ios-arm64/Headers",
					"$(PROJECT_DIR)/jpush-ios-6.0.0-release/Lib/JPushSDKLib/jpush-ios-6.0.0.xcframework/ios-arm64_x86_64-simulator/Headers",
					"$(PROJECT_DIR)/jpush-ios-6.0.0-release/Lib/JPushSDKLib-noidfa/jpush-ios-6.0.0.xcframework/ios-arm64/Headers",
					"$(PROJECT_DIR)/jpush-ios-6.0.0-release/Lib/JPushSDKLib-noidfa/jpush-ios-6.0.0.xcframework/ios-arm64_x86_64-simulator/Headers",
				);
				INFOPLIST_FILE = Info.plist;
				IOS_DEPLOYMENT_TARGET = 15.0;
				IPHONEOS_DEPLOYMENT_TARGET = 15.0;
				MARKETING_VERSION = 2.0.0;
				MTL_ENABLE_DEBUG_INFO = INCLUDE_SOURCE;
				MTL_FAST_MATH = YES;
				ONLY_ACTIVE_ARCH = YES;
				OTHER_LDFLAGS = (
					"$(inherited)",
					"-lresolv",
				);
				PRODUCT_BUNDLE_IDENTIFIER = com.zhonghuo.app;
				PRODUCT_NAME = "终活";
				SDKROOT = iphoneos;
				SWIFT_ACTIVE_COMPILATION_CONDITIONS = DEBUG;
				SWIFT_COMPILATION_MODE = wholemodule;
				SWIFT_EMIT_LOC_STRINGS = YES;
				SWIFT_OBJC_BRIDGING_HEADER = "终活-Bridging-Header.h";
				SWIFT_OPTIMIZATION_LEVEL = "-Onone";
				SWIFT_STRICT_CONCURRENCY = minimal;
				SWIFT_TREAT_AS_ERROR_CONCURRENCY_VIOLATIONS = NO;
				SWIFT_VERSION = 5.9;
				TARGETED_DEVICE_FAMILY = "1,2";
			};
			name = Release;
		};
		50CCC9034BA8B0BE6E643DB1 /* Release */ = {
			isa = XCBuildConfiguration;
			buildSettings = {
				ASSETCATALOG_COMPILER_APPICON_NAME = AppIcon;
				CODE_SIGN_IDENTITY = "iPhone Developer";
				FRAMEWORK_SEARCH_PATHS = (
					"$(inherited)",
					"\"jpush-ios-6.0.0-release/Lib/JPushSDKLib\"",
				);
				INFOPLIST_FILE = Info.plist;
				LD_RUNPATH_SEARCH_PATHS = (
					"$(inherited)",
					"@executable_path/Frameworks",
				);
				SDKROOT = iphoneos;
				TARGETED_DEVICE_FAMILY = "1,2";
			};
			name = Release;
		};
		609F3343201E0E3F95FED40F /* Debug */ = {
			isa = XCBuildConfiguration;
			buildSettings = {
				ASSETCATALOG_COMPILER_APPICON_NAME = AppIcon;
				CODE_SIGN_IDENTITY = "iPhone Developer";
				FRAMEWORK_SEARCH_PATHS = (
					"$(inherited)",
					"\"jpush-ios-6.0.0-release/Lib/JPushSDKLib\"",
				);
				INFOPLIST_FILE = Info.plist;
				LD_RUNPATH_SEARCH_PATHS = (
					"$(inherited)",
					"@executable_path/Frameworks",
				);
				SDKROOT = iphoneos;
				TARGETED_DEVICE_FAMILY = "1,2";
			};
			name = Debug;
		};
/* End XCBuildConfiguration section */

/* Begin XCConfigurationList section */
		208B1DFE951CDDF49B6113C0 /* Build configuration list for PBXNativeTarget "终活" */ = {
			isa = XCConfigurationList;
			buildConfigurations = (
				609F3343201E0E3F95FED40F /* Debug */,
				50CCC9034BA8B0BE6E643DB1 /* Release */,
			);
			defaultConfigurationIsVisible = 0;
			defaultConfigurationName = Debug;
		};
		9F0ADB07E5F18E85541FD872 /* Build configuration list for PBXProject "终活" */ = {
			isa = XCConfigurationList;
			buildConfigurations = (
				25D388346BFDA2BF44E6547E /* Debug */,
				4C2645B32AC13A6F625BFCD8 /* Release */,
			);
			defaultConfigurationIsVisible = 0;
			defaultConfigurationName = Debug;
		};
/* End XCConfigurationList section */
	};
	rootObject = E6D042EB422440F399F2C0F3 /* Project object */;
}
